
Microsoft Visual Studio Solution File, Format Version 12.00
# Visual Studio Version 16
VisualStudioVersion = 16.0.29609.76
MinimumVisualStudioVersion = 10.0.40219.1
Project("{FAE04EC0-301F-11D3-BF4B-00C04F79EFBC}") = "ModelHelp", "ModelHelp\ModelHelp.csproj", "{7016EE7F-A4C6-4C5C-BEEA-3E2068A98706}"
EndProject
Project("{FAE04EC0-301F-11D3-BF4B-00C04F79EFBC}") = "Ysh.CreateSql", "Ysh.CreateSql\Ysh.CreateSql.csproj", "{62339DF8-955B-470B-B743-742512A69DAE}"
EndProject
Global
	GlobalSection(SolutionConfigurationPlatforms) = preSolution
		Debug|Any CPU = Debug|Any CPU
		Release|Any CPU = Release|Any CPU
	EndGlobalSection
	GlobalSection(ProjectConfigurationPlatforms) = postSolution
		{7016EE7F-A4C6-4C5C-BEEA-3E2068A98706}.Debug|Any CPU.ActiveCfg = Debug|Any CPU
		{7016EE7F-A4C6-4C5C-BEEA-3E2068A98706}.Debug|Any CPU.Build.0 = Debug|Any CPU
		{7016EE7F-A4C6-4C5C-BEEA-3E2068A98706}.Release|Any CPU.ActiveCfg = Release|Any CPU
		{7016EE7F-A4C6-4C5C-BEEA-3E2068A98706}.Release|Any CPU.Build.0 = Release|Any CPU
		{62339DF8-955B-470B-B743-742512A69DAE}.Debug|Any CPU.ActiveCfg = Debug|Any CPU
		{62339DF8-955B-470B-B743-742512A69DAE}.Debug|Any CPU.Build.0 = Debug|Any CPU
		{62339DF8-955B-470B-B743-742512A69DAE}.Release|Any CPU.ActiveCfg = Release|Any CPU
		{62339DF8-955B-470B-B743-742512A69DAE}.Release|Any CPU.Build.0 = Release|Any CPU
	EndGlobalSection
	GlobalSection(SolutionProperties) = preSolution
		HideSolutionNode = FALSE
	EndGlobalSection
	GlobalSection(ExtensibilityGlobals) = postSolution
		SolutionGuid = {572EF9E8-4957-4308-9791-C5196AB2DAC8}
	EndGlobalSection
EndGlobal
